PATH
  remote: .
  specs:
    chess-pub-api-client (0.1.0)

GEM
  remote: https://rubygems.org/
  specs:
    addressable (2.7.0)
      public_suffix (>= 2.0.2, < 5.0)
    coderay (1.1.3)
    crack (0.4.4)
    hashdiff (1.0.1)
    method_source (1.0.0)
    minitest (5.14.2)
    pry (0.13.1)
      coderay (~> 1.1)
      method_source (~> 1.0)
    public_suffix (4.0.6)
    rake (10.5.0)
    vcr (6.0.0)
    webmock (3.10.0)
      addressable (>= 2.3.6)
      crack (>= 0.3.2)
      hashdiff (>= 0.4.0, < 2.0.0)

PLATFORMS
  ruby

DEPENDENCIES
  bundler (~> 1.17)
  chess-pub-api-client!
  minitest (~> 5.0)
  pry
  rake (~> 10.0)
  vcr (~> 6.0.0)
  webmock

BUNDLED WITH
   1.17.2
